
Microsoft Visual Studio Solution File, Format Version 12.00
# Visual Studio Version 16
VisualStudioVersion = 16.0.31729.503
MinimumVisualStudioVersion = 10.0.40219.1
Project("{FAE04EC0-301F-11D3-BF4B-00C04F79EFBC}") = "MyFirstWebApplication", "MyFirstWebApplication.csproj", "{48D967E1-5FDA-45B9-BA9F-9273928BA352}"
EndProject
Global
	GlobalSection(SolutionConfigurationPlatforms) = preSolution
		Debug|Any CPU = Debug|Any CPU
		Release|Any CPU = Release|Any CPU
	EndGlobalSection
	GlobalSection(ProjectConfigurationPlatforms) = postSolution
		{48D967E1-5FDA-45B9-BA9F-9273928BA352}.Debug|Any CPU.ActiveCfg = Debug|Any CPU
		{48D967E1-5FDA-45B9-BA9F-9273928BA352}.Debug|Any CPU.Build.0 = Debug|Any CPU
		{48D967E1-5FDA-45B9-BA9F-9273928BA352}.Release|Any CPU.ActiveCfg = Release|Any CPU
		{48D967E1-5FDA-45B9-BA9F-9273928BA352}.Release|Any CPU.Build.0 = Release|Any CPU
	EndGlobalSection
	GlobalSection(SolutionProperties) = preSolution
		HideSolutionNode = FALSE
	EndGlobalSection
	GlobalSection(ExtensibilityGlobals) = postSolution
		SolutionGuid = {B744141E-2FB1-4C5E-A7A4-43D65B9D255A}
	EndGlobalSection
EndGlobal
